
Microsoft Visual Studio Solution File, Format Version 12.00
# Visual Studio 15
VisualStudioVersion = 15.0.28307.1259
MinimumVisualStudioVersion = 10.0.40219.1
Project("{F184B08F-C81C-45F6-A57F-5ABD9991F28F}") = "Factorialprogram", "Factorialprogram\Factorialprogram.vbproj", "{59BC9879-70B6-4114-8FD2-236A15F0E379}"
EndProject
Global
	GlobalSection(SolutionConfigurationPlatforms) = preSolution
		Debug|Any CPU = Debug|Any CPU
		Release|Any CPU = Release|Any CPU
	EndGlobalSection
	GlobalSection(ProjectConfigurationPlatforms) = postSolution
		{59BC9879-70B6-4114-8FD2-236A15F0E379}.Debug|Any CPU.ActiveCfg = Debug|Any CPU
		{59BC9879-70B6-4114-8FD2-236A15F0E379}.Debug|Any CPU.Build.0 = Debug|Any CPU
		{59BC9879-70B6-4114-8FD2-236A15F0E379}.Release|Any CPU.ActiveCfg = Release|Any CPU
		{59BC9879-70B6-4114-8FD2-236A15F0E379}.Release|Any CPU.Build.0 = Release|Any CPU
	EndGlobalSection
	GlobalSection(SolutionProperties) = preSolution
		HideSolutionNode = FALSE
	EndGlobalSection
	GlobalSection(ExtensibilityGlobals) = postSolution
		SolutionGuid = {A3AA2FC7-DEC2-42D3-8C90-6CA04FA0E97B}
	EndGlobalSection
EndGlobal
