
Microsoft Visual Studio Solution File, Format Version 12.00
# Visual Studio 15
VisualStudioVersion = 15.0.28307.1259
MinimumVisualStudioVersion = 10.0.40219.1
Project("{F184B08F-C81C-45F6-A57F-5ABD9991F28F}") = "BiggerOrSmaller", "BiggerOrSmaller\BiggerOrSmaller.vbproj", "{15DEC168-8436-4D4C-80BB-DC594D7D5135}"
EndProject
Global
	GlobalSection(SolutionConfigurationPlatforms) = preSolution
		Debug|Any CPU = Debug|Any CPU
		Release|Any CPU = Release|Any CPU
	EndGlobalSection
	GlobalSection(ProjectConfigurationPlatforms) = postSolution
		{15DEC168-8436-4D4C-80BB-DC594D7D5135}.Debug|Any CPU.ActiveCfg = Debug|Any CPU
		{15DEC168-8436-4D4C-80BB-DC594D7D5135}.Debug|Any CPU.Build.0 = Debug|Any CPU
		{15DEC168-8436-4D4C-80BB-DC594D7D5135}.Release|Any CPU.ActiveCfg = Release|Any CPU
		{15DEC168-8436-4D4C-80BB-DC594D7D5135}.Release|Any CPU.Build.0 = Release|Any CPU
	EndGlobalSection
	GlobalSection(SolutionProperties) = preSolution
		HideSolutionNode = FALSE
	EndGlobalSection
	GlobalSection(ExtensibilityGlobals) = postSolution
		SolutionGuid = {1DD2740B-2A98-42F4-98DE-B4403C5BE373}
	EndGlobalSection
EndGlobal
